
Microsoft Visual Studio Solution File, Format Version 12.00
# Visual Studio 15
Project("{FAE04EC0-301F-11D3-BF4B-00C04F79EFBC}") = "Assembly-CSharp", "Assembly-CSharp.csproj", "{CE1CB0B9-6855-DB12-8496-9F8150E5D539}"
EndProject
Project("{FAE04EC0-301F-11D3-BF4B-00C04F79EFBC}") = "Assembly-CSharp-Editor", "Assembly-CSharp-Editor.csproj", "{AE428BD7-0EF0-A3AE-FDE2-484BAC52B70B}"
EndProject
Global
	GlobalSection(SolutionConfigurationPlatforms) = preSolution
		Debug|Any CPU = Debug|Any CPU
		Release|Any CPU = Release|Any CPU
	EndGlobalSection
	GlobalSection(ProjectConfigurationPlatforms) = postSolution
		{CE1CB0B9-6855-DB12-8496-9F8150E5D539}.Debug|Any CPU.ActiveCfg = Debug|Any CPU
		{CE1CB0B9-6855-DB12-8496-9F8150E5D539}.Debug|Any CPU.Build.0 = Debug|Any CPU
		{CE1CB0B9-6855-DB12-8496-9F8150E5D539}.Release|Any CPU.ActiveCfg = Release|Any CPU
		{CE1CB0B9-6855-DB12-8496-9F8150E5D539}.Release|Any CPU.Build.0 = Release|Any CPU
		{AE428BD7-0EF0-A3AE-FDE2-484BAC52B70B}.Debug|Any CPU.ActiveCfg = Debug|Any CPU
		{AE428BD7-0EF0-A3AE-FDE2-484BAC52B70B}.Debug|Any CPU.Build.0 = Debug|Any CPU
		{AE428BD7-0EF0-A3AE-FDE2-484BAC52B70B}.Release|Any CPU.ActiveCfg = Release|Any CPU
		{AE428BD7-0EF0-A3AE-FDE2-484BAC52B70B}.Release|Any CPU.Build.0 = Release|Any CPU
	EndGlobalSection
	GlobalSection(SolutionProperties) = preSolution
		HideSolutionNode = FALSE
	EndGlobalSection
EndGlobal
